# THIS IS AN AUTOGENERATED FILE. DO NOT EDIT THIS FILE DIRECTLY.
# yarn lockfile v1


normalize.css@^8.0.0:
  version "8.0.0"
  resolved "https://registry.yarnpkg.com/normalize.css/-/normalize.css-8.0.0.tgz#14ac5e461612538a4ce9be90a7da23f86e718493"

tachyons@^4.9.1:
  version "4.9.1"
  resolved "https://registry.yarnpkg.com/tachyons/-/tachyons-4.9.1.tgz#f88d7059d6e53c833bf9351a26f18314c8fdc76a"
